
Microsoft Visual Studio Solution File, Format Version 12.00
# Visual Studio Version 17
VisualStudioVersion = 17.1.32421.90
MinimumVisualStudioVersion = 10.0.40219.1
Project("{8BC9CEB8-8B4A-11D0-8D11-00A0C91BC942}") = "TankTest", "TankTest.vcxproj", "{9E11302D-857F-3890-BC98-5ABB7E6F2D20}"
EndProject
Project("{8BC9CEB8-8B4A-11D0-8D11-00A0C91BC942}") = "UnitTests", "..\UnitTests\UnitTests.vcxproj", "{621D2DE2-C51B-488F-87AD-40656E4A77EF}"
EndProject
Global
	GlobalSection(SolutionConfigurationPlatforms) = preSolution
		Debug|x64 = Debug|x64
		Debug|x86 = Debug|x86
		Release|x64 = Release|x64
		Release|x86 = Release|x86
	EndGlobalSection
	GlobalSection(ProjectConfigurationPlatforms) = postSolution
		{9E11302D-857F-3890-BC98-5ABB7E6F2D20}.Debug|x64.ActiveCfg = Debug|x64
		{9E11302D-857F-3890-BC98-5ABB7E6F2D20}.Debug|x64.Build.0 = Debug|x64
		{9E11302D-857F-3890-BC98-5ABB7E6F2D20}.Debug|x86.ActiveCfg = Debug|x64
		{9E11302D-857F-3890-BC98-5ABB7E6F2D20}.Debug|x86.Build.0 = Debug|x64
		{9E11302D-857F-3890-BC98-5ABB7E6F2D20}.Release|x64.ActiveCfg = Release|x64
		{9E11302D-857F-3890-BC98-5ABB7E6F2D20}.Release|x64.Build.0 = Release|x64
		{9E11302D-857F-3890-BC98-5ABB7E6F2D20}.Release|x86.ActiveCfg = Release|x64
		{9E11302D-857F-3890-BC98-5ABB7E6F2D20}.Release|x86.Build.0 = Release|x64
		{621D2DE2-C51B-488F-87AD-40656E4A77EF}.Debug|x64.ActiveCfg = Debug|x64
		{621D2DE2-C51B-488F-87AD-40656E4A77EF}.Debug|x64.Build.0 = Debug|x64
		{621D2DE2-C51B-488F-87AD-40656E4A77EF}.Debug|x86.ActiveCfg = Debug|x64
		{621D2DE2-C51B-488F-87AD-40656E4A77EF}.Debug|x86.Build.0 = Debug|x64
		{621D2DE2-C51B-488F-87AD-40656E4A77EF}.Release|x64.ActiveCfg = Release|x64
		{621D2DE2-C51B-488F-87AD-40656E4A77EF}.Release|x64.Build.0 = Release|x64
		{621D2DE2-C51B-488F-87AD-40656E4A77EF}.Release|x86.ActiveCfg = Release|x64
		{621D2DE2-C51B-488F-87AD-40656E4A77EF}.Release|x86.Build.0 = Release|x64
	EndGlobalSection
	GlobalSection(SolutionProperties) = preSolution
		HideSolutionNode = FALSE
	EndGlobalSection
	GlobalSection(ExtensibilityGlobals) = postSolution
		SolutionGuid = {86EBE9CB-AF56-471B-AD8A-9A129B3B8CB8}
	EndGlobalSection
EndGlobal
